// !$*UTF8*$!
{
	archiveVersion = 1;
	classes = {
	};
	objectVersion = 50;
	objects = {

/* Begin PBXBuildFile section */
		AAE73BA920E4615F00C3AA03 /* AppDelegate.m in Sources */ = {isa = PBXBuildFile; fileRef = AAE73BA820E4615F00C3AA03 /* AppDelegate.m */; };
		AAE73BAC20E4615F00C3AA03 /* ViewController.m in Sources */ = {isa = PBXBuildFile; fileRef = AAE73BAB20E4615F00C3AA03 /* ViewController.m */; };
		AAE73BAF20E4615F00C3AA03 /* Main.storyboard in Resources */ = {isa = PBXBuildFile; fileRef = AAE73BAD20E4615F00C3AA03 /* Main.storyboard */; };
		AAE73BB120E4616000C3AA03 /* Assets.xcassets in Resources */ = {isa = PBXBuildFile; fileRef = AAE73BB020E4616000C3AA03 /* Assets.xcassets */; };
		AAE73BB420E4616000C3AA03 /* LaunchScreen.storyboard in Resources */ = {isa = PBXBuildFile; fileRef = AAE73BB220E4616000C3AA03 /* LaunchScreen.storyboard */; };
		AAE73BB720E4616000C3AA03 /* main.m in Sources */ = {isa = PBXBuildFile; fileRef = AAE73BB620E4616000C3AA03 /* main.m */; };
/* End PBXBuildFile section */

/* Begin PBXFileReference section */
		AAE73BA420E4615F00C3AA03 /* ConstraintsAppWithCode.app */ = {isa = PBXFileReference; explicitFileType = wrapper.application; includeInIndex = 0; path = ConstraintsAppWithCode.app; sourceTree = BUILT_PRODUCTS_DIR; };
		AAE73BA720E4615F00C3AA03 /* AppDelegate.h */ = {isa = PBXFileReference; lastKnownFileType = sourcecode.c.h; path = AppDelegate.h; sourceTree = "<group>"; };
		AAE73BA820E4615F00C3AA03 /* AppDelegate.m */ = {isa = PBXFileReference; lastKnownFileType = sourcecode.c.objc; path = AppDelegate.m; sourceTree = "<group>"; };
		AAE73BAA20E4615F00C3AA03 /* ViewController.h */ = {isa = PBXFileReference; lastKnownFileType = sourcecode.c.h; path = ViewController.h; sourceTree = "<group>"; };
		AAE73BAB20E4615F00C3AA03 /* ViewController.m */ = {isa = PBXFileReference; lastKnownFileType = sourcecode.c.objc; path = ViewController.m; sourceTree = "<group>"; };
		AAE73BAE20E4615F00C3AA03 /* Base */ = {isa = PBXFileReference; lastKnownFileType = file.storyboard; name = Base; path = Base.lproj/Main.storyboard; sourceTree = "<group>"; };
		AAE73BB020E4616000C3AA03 /* Assets.xcassets */ = {isa = PBXFileReference; lastKnownFileType = folder.assetcatalog; path = Assets.xcassets; sourceTree = "<group>"; };
		AAE73BB320E4616000C3AA03 /* Base */ = {isa = PBXFileReference; lastKnownFileType = file.storyboard; name = Base; path = Base.lproj/LaunchScreen.storyboard; sourceTree = "<group>"; };
		AAE73BB520E4616000C3AA03 /* Info.plist */ = {isa = PBXFileReference; lastKnownFileType = text.plist.xml; path = Info.plist; sourceTree = "<group>"; };
		AAE73BB620E4616000C3AA03 /* main.m */ = {isa = PBXFileReference; lastKnownFileType = sourcecode.c.objc; path = main.m; sourceTree = "<group>"; };
/* End PBXFileReference section */

/* Begin PBXFrameworksBuildPhase section */
		AAE73BA120E4615F00C3AA03 /* Frameworks */ = {
			isa = PBXFrameworksBuildPhase;
			buildActionMask = 2147483647;
			files = (
			);
			runOnlyForDeploymentPostprocessing = 0;
		};
/* End PBXFrameworksBuildPhase section */

/* Begin PBXGroup section */
		AAE73B9B20E4615F00C3AA03 = {
			isa = PBXGroup;
			children = (
				AAE73BA620E4615F00C3AA03 /* ConstraintsAppWithCode */,
				AAE73BA520E4615F00C3AA03 /* Products */,
			);
			sourceTree = "<group>";
		};
		AAE73BA520E4615F00C3AA03 /* Products */ = {
			isa = PBXGroup;
			children = (
				AAE73BA420E4615F00C3AA03 /* ConstraintsAppWithCode.app */,
			);
			name = Products;
			sourceTree = "<group>";
		};
		AAE73BA620E4615F00C3AA03 /* ConstraintsAppWithCode */ = {
			isa = PBXGroup;
			children = (
				AAE73BA720E4615F00C3AA03 /* AppDelegate.h */,
				AAE73BA820E4615F00C3AA03 /* AppDelegate.m */,
				AAE73BAA20E4615F00C3AA03 /* ViewController.h */,
				AAE73BAB20E4615F00C3AA03 /* ViewController.m */,
				AAE73BAD20E4615F00C3AA03 /* Main.storyboard */,
				AAE73BB020E4616000C3AA03 /* Assets.xcassets */,
				AAE73BB220E4616000C3AA03 /* LaunchScreen.storyboard */,
				AAE73BB520E4616000C3AA03 /* Info.plist */,
				AAE73BB620E4616000C3AA03 /* main.m */,
			);
			path = ConstraintsAppWithCode;
			sourceTree = "<group>";
		};
/* End PBXGroup section */

/* Begin PBXNativeTarget section */
		AAE73BA320E4615F00C3AA03 /* ConstraintsAppWithCode */ = {
			isa = PBXNativeTarget;
			buildConfigurationList = AAE73BBA20E4616000C3AA03 /* Build configuration list for PBXNativeTarget "ConstraintsAppWithCode" */;
			buildPhases = (
				AAE73BA020E4615F00C3AA03 /* Sources */,
				AAE73BA120E4615F00C3AA03 /* Frameworks */,
				AAE73BA220E4615F00C3AA03 /* Resources */,
			);
			buildRules = (
			);
			dependencies = (
			);
			name = ConstraintsAppWithCode;
			productName = ConstraintsAppWithCode;
			productReference = AAE73BA420E4615F00C3AA03 /* ConstraintsAppWithCode.app */;
			productType = "com.apple.product-type.application";
		};
/* End PBXNativeTarget section */

/* Begin PBXProject section */
		AAE73B9C20E4615F00C3AA03 /* Project object */ = {
			isa = PBXProject;
			attributes = {
				LastUpgradeCheck = 0940;
				ORGANIZATIONNAME = "Алексей";
				TargetAttributes = {
					AAE73BA320E4615F00C3AA03 = {
						CreatedOnToolsVersion = 9.4.1;
					};
				};
			};
			buildConfigurationList = AAE73B9F20E4615F00C3AA03 /* Build configuration list for PBXProject "ConstraintsAppWithCode" */;
			compatibilityVersion = "Xcode 9.3";
			developmentRegion = en;
			hasScannedForEncodings = 0;
			knownRegions = (
				en,
				Base,
			);
			mainGroup = AAE73B9B20E4615F00C3AA03;
			productRefGroup = AAE73BA520E4615F00C3AA03 /* Products */;
			projectDirPath = "";
			projectRoot = "";
			targets = (
				AAE73BA320E4615F00C3AA03 /* ConstraintsAppWithCode */,
			);
		};
/* End PBXProject section */

/* Begin PBXResourcesBuildPhase section */
		AAE73BA220E4615F00C3AA03 /* Resources */ = {
			isa = PBXResourcesBuildPhase;
			buildActionMask = 2147483647;
			files = (
				AAE73BB420E4616000C3AA03 /* LaunchScreen.storyboard in Resources */,
				AAE73BB120E4616000C3AA03 /* Assets.xcassets in Resources */,
				AAE73BAF20E4615F00C3AA03 /* Main.storyboard in Resources */,
			);
			runOnlyForDeploymentPostprocessing = 0;
		};
/* End PBXResourcesBuildPhase section */

/* Begin PBXSourcesBuildPhase section */
		AAE73BA020E4615F00C3AA03 /* Sources */ = {
			isa = PBXSourcesBuildPhase;
			buildActionMask = 2147483647;
			files = (
				AAE73BAC20E4615F00C3AA03 /* ViewController.m in Sources */,
				AAE73BB720E4616000C3AA03 /* main.m in Sources */,
				AAE73BA920E4615F00C3AA03 /* AppDelegate.m in Sources */,
			);
			runOnlyForDeploymentPostprocessing = 0;
		};
/* End PBXSourcesBuildPhase section */

/* Begin PBXVariantGroup section */
		AAE73BAD20E4615F00C3AA03 /* Main.storyboard */ = {
			isa = PBXVariantGroup;
			children = (
				AAE73BAE20E4615F00C3AA03 /* Base */,
			);
			name = Main.storyboard;
			sourceTree = "<group>";
		};
		AAE73BB220E4616000C3AA03 /* LaunchScreen.storyboard */ = {
			isa = PBXVariantGroup;
			children = (
				AAE73BB320E4616000C3AA03 /* Base */,
			);
			name = LaunchScreen.storyboard;
			sourceTree = "<group>";
		};
/* End PBXVariantGroup section */

/* Begin XCBuildConfiguration section */
		AAE73BB820E4616000C3AA03 /* Debug */ = {
			isa = XCBuildConfiguration;
			buildSettings = {
				ALWAYS_SEARCH_USER_PATHS = NO;
				CLANG_ANALYZER_NONNULL = YES;
				CLANG_ANALYZER_NUMBER_OBJECT_CONVERSION = YES_AGGRESSIVE;
				CLANG_CXX_LANGUAGE_STANDARD = "gnu++14";
				CLANG_CXX_LIBRARY = "libc++";
				CLANG_ENABLE_MODULES = YES;
				CLANG_ENABLE_OBJC_ARC = YES;
				CLANG_ENABLE_OBJC_WEAK = YES;
				CLANG_WARN_BLOCK_CAPTURE_AUTORELEASING = YES;
				CLANG_WARN_BOOL_CONVERSION = YES;
				CLANG_WARN_COMMA = YES;
				CLANG_WARN_CONSTANT_CONVERSION = YES;
				CLANG_WARN_DEPRECATED_OBJC_IMPLEMENTATIONS = YES;
				CLANG_WARN_DIRECT_OBJC_ISA_USAGE = YES_ERROR;
				CLANG_WARN_DOCUMENTATION_COMMENTS = YES;
				CLANG_WARN_EMPTY_BODY = YES;
				CLANG_WARN_ENUM_CONVERSION = YES;
				CLANG_WARN_INFINITE_RECURSION = YES;
				CLANG_WARN_INT_CONVERSION = YES;
				CLANG_WARN_NON_LITERAL_NULL_CONVERSION = YES;
				CLANG_WARN_OBJC_IMPLICIT_RETAIN_SELF = YES;
				CLANG_WARN_OBJC_LITERAL_CONVERSION = YES;
				CLANG_WARN_OBJC_ROOT_CLASS = YES_ERROR;
				CLANG_WARN_RANGE_LOOP_ANALYSIS = YES;
				CLANG_WARN_STRICT_PROTOTYPES = YES;
				CLANG_WARN_SUSPICIOUS_MOVE = YES;
				CLANG_WARN_UNGUARDED_AVAILABILITY = YES_AGGRESSIVE;
				CLANG_WARN_UNREACHABLE_CODE = YES;
				CLANG_WARN__DUPLICATE_METHOD_MATCH = YES;
				CODE_SIGN_IDENTITY = "iPhone Developer";
				COPY_PHASE_STRIP = NO;
				DEBUG_INFORMATION_FORMAT = dwarf;
				ENABLE_STRICT_OBJC_MSGSEND = YES;
				ENABLE_TESTABILITY = YES;
				GCC_C_LANGUAGE_STANDARD = gnu11;
				GCC_DYNAMIC_NO_PIC = NO;
				GCC_NO_COMMON_BLOCKS = YES;
				GCC_OPTIMIZATION_LEVEL = 0;
				GCC_PREPROCESSOR_DEFINITIONS = (
					"DEBUG=1",
					"$(inherited)",
				);
				GCC_WARN_64_TO_32_BIT_CONVERSION = YES;
				GCC_WARN_ABOUT_RETURN_TYPE = YES_ERROR;
				GCC_WARN_UNDECLARED_SELECTOR = YES;
				GCC_WARN_UNINITIALIZED_AUTOS = YES_AGGRESSIVE;
				GCC_WARN_UNUSED_FUNCTION = YES;
				GCC_WARN_UNUSED_VARIABLE = YES;
				IPHONEOS_DEPLOYMENT_TARGET = 11.4;
				MTL_ENABLE_DEBUG_INFO = YES;
				ONLY_ACTIVE_ARCH = YES;
				SDKROOT = iphoneos;
			};
			name = Debug;
		};
		AAE73BB920E4616000C3AA03 /* Release */ = {
			isa = XCBuildConfiguration;
			buildSettings = {
				ALWAYS_SEARCH_USER_PATHS = NO;
				CLANG_ANALYZER_NONNULL = YES;
				CLANG_ANALYZER_NUMBER_OBJECT_CONVERSION = YES_AGGRESSIVE;
				CLANG_CXX_LANGUAGE_STANDARD = "gnu++14";
				CLANG_CXX_LIBRARY = "libc++";
				CLANG_ENABLE_MODULES = YES;
				CLANG_ENABLE_OBJC_ARC = YES;
				CLANG_ENABLE_OBJC_WEAK = YES;
				CLANG_WARN_BLOCK_CAPTURE_AUTORELEASING = YES;
				CLANG_WARN_BOOL_CONVERSION = YES;
				CLANG_WARN_COMMA = YES;
				CLANG_WARN_CONSTANT_CONVERSION = YES;
				CLANG_WARN_DEPRECATED_OBJC_IMPLEMENTATIONS = YES;
				CLANG_WARN_DIRECT_OBJC_ISA_USAGE = YES_ERROR;
				CLANG_WARN_DOCUMENTATION_COMMENTS = YES;
				CLANG_WARN_EMPTY_BODY = YES;
				CLANG_WARN_ENUM_CONVERSION = YES;
				CLANG_WARN_INFINITE_RECURSION = YES;
				CLANG_WARN_INT_CONVERSION = YES;
				CLANG_WARN_NON_LITERAL_NULL_CONVERSION = YES;
				CLANG_WARN_OBJC_IMPLICIT_RETAIN_SELF = YES;
				CLANG_WARN_OBJC_LITERAL_CONVERSION = YES;
				CLANG_WARN_OBJC_ROOT_CLASS = YES_ERROR;
				CLANG_WARN_RANGE_LOOP_ANALYSIS = YES;
				CLANG_WARN_STRICT_PROTOTYPES = YES;
				CLANG_WARN_SUSPICIOUS_MOVE = YES;
				CLANG_WARN_UNGUARDED_AVAILABILITY = YES_AGGRESSIVE;
				CLANG_WARN_UNREACHABLE_CODE = YES;
				CLANG_WARN__DUPLICATE_METHOD_MATCH = YES;
				CODE_SIGN_IDENTITY = "iPhone Developer";
				COPY_PHASE_STRIP = NO;
				DEBUG_INFORMATION_FORMAT = "dwarf-with-dsym";
				ENABLE_NS_ASSERTIONS = NO;
				ENABLE_STRICT_OBJC_MSGSEND = YES;
				GCC_C_LANGUAGE_STANDARD = gnu11;
				GCC_NO_COMMON_BLOCKS = YES;
				GCC_WARN_64_TO_32_BIT_CONVERSION = YES;
				GCC_WARN_ABOUT_RETURN_TYPE = YES_ERROR;
				GCC_WARN_UNDECLARED_SELECTOR = YES;
				GCC_WARN_UNINITIALIZED_AUTOS = YES_AGGRESSIVE;
				GCC_WARN_UNUSED_FUNCTION = YES;
				GCC_WARN_UNUSED_VARIABLE = YES;
				IPHONEOS_DEPLOYMENT_TARGET = 11.4;
				MTL_ENABLE_DEBUG_INFO = NO;
				SDKROOT = iphoneos;
				VALIDATE_PRODUCT = YES;
			};
			name = Release;
		};
		AAE73BBB20E4616000C3AA03 /* Debug */ = {
			isa = XCBuildConfiguration;
			buildSettings = {
				ASSETCATALOG_COMPILER_APPICON_NAME = AppIcon;
				CODE_SIGN_STYLE = Automatic;
				DEVELOPMENT_TEAM = M3L778SRB3;
				INFOPLIST_FILE = ConstraintsAppWithCode/Info.plist;
				LD_RUNPATH_SEARCH_PATHS = (
					"$(inherited)",
					"@executable_path/Frameworks",
				);
				PRODUCT_BUNDLE_IDENTIFIER = Piatyha.ConstraintsAppWithCode;
				PRODUCT_NAME = "$(TARGET_NAME)";
				TARGETED_DEVICE_FAMILY = "1,2";
			};
			name = Debug;
		};
		AAE73BBC20E4616000C3AA03 /* Release */ = {
			isa = XCBuildConfiguration;
			buildSettings = {
				ASSETCATALOG_COMPILER_APPICON_NAME = AppIcon;
				CODE_SIGN_STYLE = Automatic;
				DEVELOPMENT_TEAM = M3L778SRB3;
				INFOPLIST_FILE = ConstraintsAppWithCode/Info.plist;
				LD_RUNPATH_SEARCH_PATHS = (
					"$(inherited)",
					"@executable_path/Frameworks",
				);
				PRODUCT_BUNDLE_IDENTIFIER = Piatyha.ConstraintsAppWithCode;
				PRODUCT_NAME = "$(TARGET_NAME)";
				TARGETED_DEVICE_FAMILY = "1,2";
			};
			name = Release;
		};
/* End XCBuildConfiguration section */

/* Begin XCConfigurationList section */
		AAE73B9F20E4615F00C3AA03 /* Build configuration list for PBXProject "ConstraintsAppWithCode" */ = {
			isa = XCConfigurationList;
			buildConfigurations = (
				AAE73BB820E4616000C3AA03 /* Debug */,
				AAE73BB920E4616000C3AA03 /* Release */,
			);
			defaultConfigurationIsVisible = 0;
			defaultConfigurationName = Release;
		};
		AAE73BBA20E4616000C3AA03 /* Build configuration list for PBXNativeTarget "ConstraintsAppWithCode" */ = {
			isa = XCConfigurationList;
			buildConfigurations = (
				AAE73BBB20E4616000C3AA03 /* Debug */,
				AAE73BBC20E4616000C3AA03 /* Release */,
			);
			defaultConfigurationIsVisible = 0;
			defaultConfigurationName = Release;
		};
/* End XCConfigurationList section */
	};
	rootObject = AAE73B9C20E4615F00C3AA03 /* Project object */;
}
